// !$*UTF8*$!
{
	archiveVersion = 1;
	classes = {
	};
	objectVersion = 56;
	objects = {

/* Begin PBXBuildFile section */
		1C012B9129D0C894005DA00F /* AppDelegate.swift in Sources */ = {isa = PBXBuildFile; fileRef = 1C012B9029D0C894005DA00F /* AppDelegate.swift */; };
		1C012B9329D0C894005DA00F /* SceneDelegate.swift in Sources */ = {isa = PBXBuildFile; fileRef = 1C012B9229D0C894005DA00F /* SceneDelegate.swift */; };
		1C012B9529D0C894005DA00F /* RMTabViewController.swift in Sources */ = {isa = PBXBuildFile; fileRef = 1C012B9429D0C894005DA00F /* RMTabViewController.swift */; };
		1C012B9A29D0C896005DA00F /* Assets.xcassets in Resources */ = {isa = PBXBuildFile; fileRef = 1C012B9929D0C896005DA00F /* Assets.xcassets */; };
		1C012B9D29D0C896005DA00F /* LaunchScreen.storyboard in Resources */ = {isa = PBXBuildFile; fileRef = 1C012B9B29D0C896005DA00F /* LaunchScreen.storyboard */; };
		1C012BAC29D0D0AF005DA00F /* RMLocation.swift in Sources */ = {isa = PBXBuildFile; fileRef = 1C012BAB29D0D0AF005DA00F /* RMLocation.swift */; };
		1C012BAE29D1BBD4005DA00F /* RMCharacter.swift in Sources */ = {isa = PBXBuildFile; fileRef = 1C012BAD29D1BBD4005DA00F /* RMCharacter.swift */; };
		1C012BB029D1BC99005DA00F /* RMEpisode.swift in Sources */ = {isa = PBXBuildFile; fileRef = 1C012BAF29D1BC99005DA00F /* RMEpisode.swift */; };
		1C012BB329D1C07D005DA00F /* RMCharecterViewController.swift in Sources */ = {isa = PBXBuildFile; fileRef = 1C012BB229D1C07D005DA00F /* RMCharecterViewController.swift */; };
		1C012BB529D1C0E6005DA00F /* RMLocationViewController.swift in Sources */ = {isa = PBXBuildFile; fileRef = 1C012BB429D1C0E6005DA00F /* RMLocationViewController.swift */; };
		1C012BB729D1C10F005DA00F /* RMEpisodeViewController.swift in Sources */ = {isa = PBXBuildFile; fileRef = 1C012BB629D1C10F005DA00F /* RMEpisodeViewController.swift */; };
		1C012BB929D1C125005DA00F /* RMSettingsViewController.swift in Sources */ = {isa = PBXBuildFile; fileRef = 1C012BB829D1C125005DA00F /* RMSettingsViewController.swift */; };
/* End PBXBuildFile section */

/* Begin PBXFileReference section */
		1C012B8D29D0C894005DA00F /* RickAndMorty.app */ = {isa = PBXFileReference; explicitFileType = wrapper.application; includeInIndex = 0; path = RickAndMorty.app; sourceTree = BUILT_PRODUCTS_DIR; };
		1C012B9029D0C894005DA00F /* AppDelegate.swift */ = {isa = PBXFileReference; lastKnownFileType = sourcecode.swift; path = AppDelegate.swift; sourceTree = "<group>"; };
		1C012B9229D0C894005DA00F /* SceneDelegate.swift */ = {isa = PBXFileReference; lastKnownFileType = sourcecode.swift; path = SceneDelegate.swift; sourceTree = "<group>"; };
		1C012B9429D0C894005DA00F /* RMTabViewController.swift */ = {isa = PBXFileReference; lastKnownFileType = sourcecode.swift; path = RMTabViewController.swift; sourceTree = "<group>"; };
		1C012B9929D0C896005DA00F /* Assets.xcassets */ = {isa = PBXFileReference; lastKnownFileType = folder.assetcatalog; path = Assets.xcassets; sourceTree = "<group>"; };
		1C012B9C29D0C896005DA00F /* Base */ = {isa = PBXFileReference; lastKnownFileType = file.storyboard; name = Base; path = Base.lproj/LaunchScreen.storyboard; sourceTree = "<group>"; };
		1C012B9E29D0C896005DA00F /* Info.plist */ = {isa = PBXFileReference; lastKnownFileType = text.plist.xml; path = Info.plist; sourceTree = "<group>"; };
		1C012BAB29D0D0AF005DA00F /* RMLocation.swift */ = {isa = PBXFileReference; lastKnownFileType = sourcecode.swift; path = RMLocation.swift; sourceTree = "<group>"; };
		1C012BAD29D1BBD4005DA00F /* RMCharacter.swift */ = {isa = PBXFileReference; lastKnownFileType = sourcecode.swift; path = RMCharacter.swift; sourceTree = "<group>"; };
		1C012BAF29D1BC99005DA00F /* RMEpisode.swift */ = {isa = PBXFileReference; lastKnownFileType = sourcecode.swift; path = RMEpisode.swift; sourceTree = "<group>"; };
		1C012BB229D1C07D005DA00F /* RMCharecterViewController.swift */ = {isa = PBXFileReference; lastKnownFileType = sourcecode.swift; path = RMCharecterViewController.swift; sourceTree = "<group>"; };
		1C012BB429D1C0E6005DA00F /* RMLocationViewController.swift */ = {isa = PBXFileReference; lastKnownFileType = sourcecode.swift; path = RMLocationViewController.swift; sourceTree = "<group>"; };
		1C012BB629D1C10F005DA00F /* RMEpisodeViewController.swift */ = {isa = PBXFileReference; lastKnownFileType = sourcecode.swift; path = RMEpisodeViewController.swift; sourceTree = "<group>"; };
		1C012BB829D1C125005DA00F /* RMSettingsViewController.swift */ = {isa = PBXFileReference; lastKnownFileType = sourcecode.swift; path = RMSettingsViewController.swift; sourceTree = "<group>"; };
/* End PBXFileReference section */

/* Begin PBXFrameworksBuildPhase section */
		1C012B8A29D0C894005DA00F /* Frameworks */ = {
			isa = PBXFrameworksBuildPhase;
			buildActionMask = 2147483647;
			files = (
			);
			runOnlyForDeploymentPostprocessing = 0;
		};
/* End PBXFrameworksBuildPhase section */

/* Begin PBXGroup section */
		1C012B8429D0C894005DA00F = {
			isa = PBXGroup;
			children = (
				1C012B8F29D0C894005DA00F /* RickAndMorty */,
				1C012B8E29D0C894005DA00F /* Products */,
			);
			sourceTree = "<group>";
		};
		1C012B8E29D0C894005DA00F /* Products */ = {
			isa = PBXGroup;
			children = (
				1C012B8D29D0C894005DA00F /* RickAndMorty.app */,
			);
			name = Products;
			sourceTree = "<group>";
		};
		1C012B8F29D0C894005DA00F /* RickAndMorty */ = {
			isa = PBXGroup;
			children = (
				1C012BAA29D0CF04005DA00F /* Resources */,
				1C012BA929D0CEEE005DA00F /* Managers */,
				1C012BA829D0CEBD005DA00F /* APIClient */,
				1C012BA729D0CE9D005DA00F /* ViewModels */,
				1C012BA629D0CE8B005DA00F /* Views */,
				1C012BA529D0CE75005DA00F /* Models */,
				1C012BA429D0CE5B005DA00F /* Controller */,
				1C012B9E29D0C896005DA00F /* Info.plist */,
			);
			path = RickAndMorty;
			sourceTree = "<group>";
		};
		1C012BA429D0CE5B005DA00F /* Controller */ = {
			isa = PBXGroup;
			children = (
				1C012BB129D1BFC1005DA00F /* Core   */,
			);
			path = Controller;
			sourceTree = "<group>";
		};
		1C012BA529D0CE75005DA00F /* Models */ = {
			isa = PBXGroup;
			children = (
				1C012BAB29D0D0AF005DA00F /* RMLocation.swift */,
				1C012BAD29D1BBD4005DA00F /* RMCharacter.swift */,
				1C012BAF29D1BC99005DA00F /* RMEpisode.swift */,
			);
			path = Models;
			sourceTree = "<group>";
		};
		1C012BA629D0CE8B005DA00F /* Views */ = {
			isa = PBXGroup;
			children = (
			);
			path = Views;
			sourceTree = "<group>";
		};
		1C012BA729D0CE9D005DA00F /* ViewModels */ = {
			isa = PBXGroup;
			children = (
			);
			path = ViewModels;
			sourceTree = "<group>";
		};
		1C012BA829D0CEBD005DA00F /* APIClient */ = {
			isa = PBXGroup;
			children = (
			);
			path = APIClient;
			sourceTree = "<group>";
		};
		1C012BA929D0CEEE005DA00F /* Managers */ = {
			isa = PBXGroup;
			children = (
			);
			path = Managers;
			sourceTree = "<group>";
		};
		1C012BAA29D0CF04005DA00F /* Resources */ = {
			isa = PBXGroup;
			children = (
				1C012B9029D0C894005DA00F /* AppDelegate.swift */,
				1C012B9229D0C894005DA00F /* SceneDelegate.swift */,
				1C012B9929D0C896005DA00F /* Assets.xcassets */,
				1C012B9B29D0C896005DA00F /* LaunchScreen.storyboard */,
			);
			path = Resources;
			sourceTree = "<group>";
		};
		1C012BB129D1BFC1005DA00F /* Core   */ = {
			isa = PBXGroup;
			children = (
				1C012B9429D0C894005DA00F /* RMTabViewController.swift */,
				1C012BB229D1C07D005DA00F /* RMCharecterViewController.swift */,
				1C012BB429D1C0E6005DA00F /* RMLocationViewController.swift */,
				1C012BB629D1C10F005DA00F /* RMEpisodeViewController.swift */,
				1C012BB829D1C125005DA00F /* RMSettingsViewController.swift */,
			);
			path = "Core  ";
			sourceTree = "<group>";
		};
/* End PBXGroup section */

/* Begin PBXNativeTarget section */
		1C012B8C29D0C894005DA00F /* RickAndMorty */ = {
			isa = PBXNativeTarget;
			buildConfigurationList = 1C012BA129D0C896005DA00F /* Build configuration list for PBXNativeTarget "RickAndMorty" */;
			buildPhases = (
				1C012B8929D0C894005DA00F /* Sources */,
				1C012B8A29D0C894005DA00F /* Frameworks */,
				1C012B8B29D0C894005DA00F /* Resources */,
			);
			buildRules = (
			);
			dependencies = (
			);
			name = RickAndMorty;
			productName = RickAndMorty;
			productReference = 1C012B8D29D0C894005DA00F /* RickAndMorty.app */;
			productType = "com.apple.product-type.application";
		};
/* End PBXNativeTarget section */

/* Begin PBXProject section */
		1C012B8529D0C894005DA00F /* Project object */ = {
			isa = PBXProject;
			attributes = {
				BuildIndependentTargetsInParallel = 1;
				LastSwiftUpdateCheck = 1400;
				LastUpgradeCheck = 1400;
				TargetAttributes = {
					1C012B8C29D0C894005DA00F = {
						CreatedOnToolsVersion = 14.0;
					};
				};
			};
			buildConfigurationList = 1C012B8829D0C894005DA00F /* Build configuration list for PBXProject "RickAndMorty" */;
			compatibilityVersion = "Xcode 14.0";
			developmentRegion = en;
			hasScannedForEncodings = 0;
			knownRegions = (
				en,
				Base,
			);
			mainGroup = 1C012B8429D0C894005DA00F;
			productRefGroup = 1C012B8E29D0C894005DA00F /* Products */;
			projectDirPath = "";
			projectRoot = "";
			targets = (
				1C012B8C29D0C894005DA00F /* RickAndMorty */,
			);
		};
/* End PBXProject section */

/* Begin PBXResourcesBuildPhase section */
		1C012B8B29D0C894005DA00F /* Resources */ = {
			isa = PBXResourcesBuildPhase;
			buildActionMask = 2147483647;
			files = (
				1C012B9D29D0C896005DA00F /* LaunchScreen.storyboard in Resources */,
				1C012B9A29D0C896005DA00F /* Assets.xcassets in Resources */,
			);
			runOnlyForDeploymentPostprocessing = 0;
		};
/* End PBXResourcesBuildPhase section */

/* Begin PBXSourcesBuildPhase section */
		1C012B8929D0C894005DA00F /* Sources */ = {
			isa = PBXSourcesBuildPhase;
			buildActionMask = 2147483647;
			files = (
				1C012BB529D1C0E6005DA00F /* RMLocationViewController.swift in Sources */,
				1C012BB029D1BC99005DA00F /* RMEpisode.swift in Sources */,
				1C012B9529D0C894005DA00F /* RMTabViewController.swift in Sources */,
				1C012BB729D1C10F005DA00F /* RMEpisodeViewController.swift in Sources */,
				1C012BB329D1C07D005DA00F /* RMCharecterViewController.swift in Sources */,
				1C012B9129D0C894005DA00F /* AppDelegate.swift in Sources */,
				1C012BB929D1C125005DA00F /* RMSettingsViewController.swift in Sources */,
				1C012BAC29D0D0AF005DA00F /* RMLocation.swift in Sources */,
				1C012B9329D0C894005DA00F /* SceneDelegate.swift in Sources */,
				1C012BAE29D1BBD4005DA00F /* RMCharacter.swift in Sources */,
			);
			runOnlyForDeploymentPostprocessing = 0;
		};
/* End PBXSourcesBuildPhase section */

/* Begin PBXVariantGroup section */
		1C012B9B29D0C896005DA00F /* LaunchScreen.storyboard */ = {
			isa = PBXVariantGroup;
			children = (
				1C012B9C29D0C896005DA00F /* Base */,
			);
			name = LaunchScreen.storyboard;
			sourceTree = "<group>";
		};
/* End PBXVariantGroup section */

/* Begin XCBuildConfiguration section */
		1C012B9F29D0C896005DA00F /* Debug */ = {
			isa = XCBuildConfiguration;
			buildSettings = {
				ALWAYS_SEARCH_USER_PATHS = NO;
				CLANG_ANALYZER_NONNULL = YES;
				CLANG_ANALYZER_NUMBER_OBJECT_CONVERSION = YES_AGGRESSIVE;
				CLANG_CXX_LANGUAGE_STANDARD = "gnu++20";
				CLANG_ENABLE_MODULES = YES;
				CLANG_ENABLE_OBJC_ARC = YES;
				CLANG_ENABLE_OBJC_WEAK = YES;
				CLANG_WARN_BLOCK_CAPTURE_AUTORELEASING = YES;
				CLANG_WARN_BOOL_CONVERSION = YES;
				CLANG_WARN_COMMA = YES;
				CLANG_WARN_CONSTANT_CONVERSION = YES;
				CLANG_WARN_DEPRECATED_OBJC_IMPLEMENTATIONS = YES;
				CLANG_WARN_DIRECT_OBJC_ISA_USAGE = YES_ERROR;
				CLANG_WARN_DOCUMENTATION_COMMENTS = YES;
				CLANG_WARN_EMPTY_BODY = YES;
				CLANG_WARN_ENUM_CONVERSION = YES;
				CLANG_WARN_INFINITE_RECURSION = YES;
				CLANG_WARN_INT_CONVERSION = YES;
				CLANG_WARN_NON_LITERAL_NULL_CONVERSION = YES;
				CLANG_WARN_OBJC_IMPLICIT_RETAIN_SELF = YES;
				CLANG_WARN_OBJC_LITERAL_CONVERSION = YES;
				CLANG_WARN_OBJC_ROOT_CLASS = YES_ERROR;
				CLANG_WARN_QUOTED_INCLUDE_IN_FRAMEWORK_HEADER = YES;
				CLANG_WARN_RANGE_LOOP_ANALYSIS = YES;
				CLANG_WARN_STRICT_PROTOTYPES = YES;
				CLANG_WARN_SUSPICIOUS_MOVE = YES;
				CLANG_WARN_UNGUARDED_AVAILABILITY = YES_AGGRESSIVE;
				CLANG_WARN_UNREACHABLE_CODE = YES;
				CLANG_WARN__DUPLICATE_METHOD_MATCH = YES;
				COPY_PHASE_STRIP = NO;
				DEBUG_INFORMATION_FORMAT = dwarf;
				ENABLE_STRICT_OBJC_MSGSEND = YES;
				ENABLE_TESTABILITY = YES;
				GCC_C_LANGUAGE_STANDARD = gnu11;
				GCC_DYNAMIC_NO_PIC = NO;
				GCC_NO_COMMON_BLOCKS = YES;
				GCC_OPTIMIZATION_LEVEL = 0;
				GCC_PREPROCESSOR_DEFINITIONS = (
					"DEBUG=1",
					"$(inherited)",
				);
				GCC_WARN_64_TO_32_BIT_CONVERSION = YES;
				GCC_WARN_ABOUT_RETURN_TYPE = YES_ERROR;
				GCC_WARN_UNDECLARED_SELECTOR = YES;
				GCC_WARN_UNINITIALIZED_AUTOS = YES_AGGRESSIVE;
				GCC_WARN_UNUSED_FUNCTION = YES;
				GCC_WARN_UNUSED_VARIABLE = YES;
				IPHONEOS_DEPLOYMENT_TARGET = 16.0;
				MTL_ENABLE_DEBUG_INFO = INCLUDE_SOURCE;
				MTL_FAST_MATH = YES;
				ONLY_ACTIVE_ARCH = YES;
				SDKROOT = iphoneos;
				SWIFT_ACTIVE_COMPILATION_CONDITIONS = DEBUG;
				SWIFT_OPTIMIZATION_LEVEL = "-Onone";
			};
			name = Debug;
		};
		1C012BA029D0C896005DA00F /* Release */ = {
			isa = XCBuildConfiguration;
			buildSettings = {
				ALWAYS_SEARCH_USER_PATHS = NO;
				CLANG_ANALYZER_NONNULL = YES;
				CLANG_ANALYZER_NUMBER_OBJECT_CONVERSION = YES_AGGRESSIVE;
				CLANG_CXX_LANGUAGE_STANDARD = "gnu++20";
				CLANG_ENABLE_MODULES = YES;
				CLANG_ENABLE_OBJC_ARC = YES;
				CLANG_ENABLE_OBJC_WEAK = YES;
				CLANG_WARN_BLOCK_CAPTURE_AUTORELEASING = YES;
				CLANG_WARN_BOOL_CONVERSION = YES;
				CLANG_WARN_COMMA = YES;
				CLANG_WARN_CONSTANT_CONVERSION = YES;
				CLANG_WARN_DEPRECATED_OBJC_IMPLEMENTATIONS = YES;
				CLANG_WARN_DIRECT_OBJC_ISA_USAGE = YES_ERROR;
				CLANG_WARN_DOCUMENTATION_COMMENTS = YES;
				CLANG_WARN_EMPTY_BODY = YES;
				CLANG_WARN_ENUM_CONVERSION = YES;
				CLANG_WARN_INFINITE_RECURSION = YES;
				CLANG_WARN_INT_CONVERSION = YES;
				CLANG_WARN_NON_LITERAL_NULL_CONVERSION = YES;
				CLANG_WARN_OBJC_IMPLICIT_RETAIN_SELF = YES;
				CLANG_WARN_OBJC_LITERAL_CONVERSION = YES;
				CLANG_WARN_OBJC_ROOT_CLASS = YES_ERROR;
				CLANG_WARN_QUOTED_INCLUDE_IN_FRAMEWORK_HEADER = YES;
				CLANG_WARN_RANGE_LOOP_ANALYSIS = YES;
				CLANG_WARN_STRICT_PROTOTYPES = YES;
				CLANG_WARN_SUSPICIOUS_MOVE = YES;
				CLANG_WARN_UNGUARDED_AVAILABILITY = YES_AGGRESSIVE;
				CLANG_WARN_UNREACHABLE_CODE = YES;
				CLANG_WARN__DUPLICATE_METHOD_MATCH = YES;
				COPY_PHASE_STRIP = NO;
				DEBUG_INFORMATION_FORMAT = "dwarf-with-dsym";
				ENABLE_NS_ASSERTIONS = NO;
				ENABLE_STRICT_OBJC_MSGSEND = YES;
				GCC_C_LANGUAGE_STANDARD = gnu11;
				GCC_NO_COMMON_BLOCKS = YES;
				GCC_WARN_64_TO_32_BIT_CONVERSION = YES;
				GCC_WARN_ABOUT_RETURN_TYPE = YES_ERROR;
				GCC_WARN_UNDECLARED_SELECTOR = YES;
				GCC_WARN_UNINITIALIZED_AUTOS = YES_AGGRESSIVE;
				GCC_WARN_UNUSED_FUNCTION = YES;
				GCC_WARN_UNUSED_VARIABLE = YES;
				IPHONEOS_DEPLOYMENT_TARGET = 16.0;
				MTL_ENABLE_DEBUG_INFO = NO;
				MTL_FAST_MATH = YES;
				SDKROOT = iphoneos;
				SWIFT_COMPILATION_MODE = wholemodule;
				SWIFT_OPTIMIZATION_LEVEL = "-O";
				VALIDATE_PRODUCT = YES;
			};
			name = Release;
		};
		1C012BA229D0C896005DA00F /* Debug */ = {
			isa = XCBuildConfiguration;
			buildSettings = {
				ASSETCATALOG_COMPILER_APPICON_NAME = AppIcon;
				ASSETCATALOG_COMPILER_GLOBAL_ACCENT_COLOR_NAME = AccentColor;
				CODE_SIGN_STYLE = Automatic;
				CURRENT_PROJECT_VERSION = 1;
				GENERATE_INFOPLIST_FILE = YES;
				INFOPLIST_FILE = RickAndMorty/Info.plist;
				INFOPLIST_KEY_UIApplicationSupportsIndirectInputEvents = YES;
				INFOPLIST_KEY_UILaunchStoryboardName = LaunchScreen;
				INFOPLIST_KEY_UISupportedInterfaceOrientations_iPad = "UIInterfaceOrientationPortrait UIInterfaceOrientationPortraitUpsideDown UIInterfaceOrientationLandscapeLeft UIInterfaceOrientationLandscapeRight";
				INFOPLIST_KEY_UISupportedInterfaceOrientations_iPhone = "UIInterfaceOrientationPortrait UIInterfaceOrientationLandscapeLeft UIInterfaceOrientationLandscapeRight";
				LD_RUNPATH_SEARCH_PATHS = (
					"$(inherited)",
					"@executable_path/Frameworks",
				);
				MARKETING_VERSION = 1.0;
				PRODUCT_BUNDLE_IDENTIFIER = com.AnorakPM.RickAndMorty;
				PRODUCT_NAME = "$(TARGET_NAME)";
				SWIFT_EMIT_LOC_STRINGS = YES;
				SWIFT_VERSION = 5.0;
				TARGETED_DEVICE_FAMILY = "1,2";
			};
			name = Debug;
		};
		1C012BA329D0C896005DA00F /* Release */ = {
			isa = XCBuildConfiguration;
			buildSettings = {
				ASSETCATALOG_COMPILER_APPICON_NAME = AppIcon;
				ASSETCATALOG_COMPILER_GLOBAL_ACCENT_COLOR_NAME = AccentColor;
				CODE_SIGN_STYLE = Automatic;
				CURRENT_PROJECT_VERSION = 1;
				GENERATE_INFOPLIST_FILE = YES;
				INFOPLIST_FILE = RickAndMorty/Info.plist;
				INFOPLIST_KEY_UIApplicationSupportsIndirectInputEvents = YES;
				INFOPLIST_KEY_UILaunchStoryboardName = LaunchScreen;
				INFOPLIST_KEY_UISupportedInterfaceOrientations_iPad = "UIInterfaceOrientationPortrait UIInterfaceOrientationPortraitUpsideDown UIInterfaceOrientationLandscapeLeft UIInterfaceOrientationLandscapeRight";
				INFOPLIST_KEY_UISupportedInterfaceOrientations_iPhone = "UIInterfaceOrientationPortrait UIInterfaceOrientationLandscapeLeft UIInterfaceOrientationLandscapeRight";
				LD_RUNPATH_SEARCH_PATHS = (
					"$(inherited)",
					"@executable_path/Frameworks",
				);
				MARKETING_VERSION = 1.0;
				PRODUCT_BUNDLE_IDENTIFIER = com.AnorakPM.RickAndMorty;
				PRODUCT_NAME = "$(TARGET_NAME)";
				SWIFT_EMIT_LOC_STRINGS = YES;
				SWIFT_VERSION = 5.0;
				TARGETED_DEVICE_FAMILY = "1,2";
			};
			name = Release;
		};
/* End XCBuildConfiguration section */

/* Begin XCConfigurationList section */
		1C012B8829D0C894005DA00F /* Build configuration list for PBXProject "RickAndMorty" */ = {
			isa = XCConfigurationList;
			buildConfigurations = (
				1C012B9F29D0C896005DA00F /* Debug */,
				1C012BA029D0C896005DA00F /* Release */,
			);
			defaultConfigurationIsVisible = 0;
			defaultConfigurationName = Release;
		};
		1C012BA129D0C896005DA00F /* Build configuration list for PBXNativeTarget "RickAndMorty" */ = {
			isa = XCConfigurationList;
			buildConfigurations = (
				1C012BA229D0C896005DA00F /* Debug */,
				1C012BA329D0C896005DA00F /* Release */,
			);
			defaultConfigurationIsVisible = 0;
			defaultConfigurationName = Release;
		};
/* End XCConfigurationList section */
	};
	rootObject = 1C012B8529D0C894005DA00F /* Project object */;
}
